
Microsoft Visual Studio Solution File, Format Version 12.00
# Visual Studio Version 16
VisualStudioVersion = 16.0.28803.156
MinimumVisualStudioVersion = 10.0.40219.1
Project("{9A19103F-16F7-4668-BE54-9A1E7A4F7556}") = "InterfaceWeb", "InterfaceWeb\InterfaceWeb.csproj", "{0282EF96-3FD3-4262-9F38-2EF85C620B16}"
EndProject
Project("{9A19103F-16F7-4668-BE54-9A1E7A4F7556}") = "LibraryCatalog", "LibraryCatalog\LibraryCatalog.csproj", "{6550BBFB-3E00-4CB5-9D85-052290C62B58}"
EndProject
Global
	GlobalSection(SolutionConfigurationPlatforms) = preSolution
		Debug|Any CPU = Debug|Any CPU
		Release|Any CPU = Release|Any CPU
	EndGlobalSection
	GlobalSection(ProjectConfigurationPlatforms) = postSolution
		{0282EF96-3FD3-4262-9F38-2EF85C620B16}.Debug|Any CPU.ActiveCfg = Debug|Any CPU
		{0282EF96-3FD3-4262-9F38-2EF85C620B16}.Debug|Any CPU.Build.0 = Debug|Any CPU
		{0282EF96-3FD3-4262-9F38-2EF85C620B16}.Release|Any CPU.ActiveCfg = Release|Any CPU
		{0282EF96-3FD3-4262-9F38-2EF85C620B16}.Release|Any CPU.Build.0 = Release|Any CPU
		{6550BBFB-3E00-4CB5-9D85-052290C62B58}.Debug|Any CPU.ActiveCfg = Debug|Any CPU
		{6550BBFB-3E00-4CB5-9D85-052290C62B58}.Debug|Any CPU.Build.0 = Debug|Any CPU
		{6550BBFB-3E00-4CB5-9D85-052290C62B58}.Release|Any CPU.ActiveCfg = Release|Any CPU
		{6550BBFB-3E00-4CB5-9D85-052290C62B58}.Release|Any CPU.Build.0 = Release|Any CPU
	EndGlobalSection
	GlobalSection(SolutionProperties) = preSolution
		HideSolutionNode = FALSE
	EndGlobalSection
	GlobalSection(ExtensibilityGlobals) = postSolution
		SolutionGuid = {3A606524-1530-41B1-A0D5-3B63B71374FF}
	EndGlobalSection
	GlobalSection(TeamFoundationVersionControl) = preSolution
		SccNumberOfProjects = 3
		SccEnterpriseProvider = {4CA58AB2-18FA-4F8D-95D4-32DDF27D184C}
		SccTeamFoundationServer = https://claudetom.visualstudio.com/
		SccLocalPath0 = .
		SccProjectUniqueName1 = InterfaceWeb\\InterfaceWeb.csproj
		SccProjectName1 = InterfaceWeb
		SccLocalPath1 = InterfaceWeb
		SccProjectUniqueName2 = LibraryCatalog\\LibraryCatalog.csproj
		SccProjectName2 = LibraryCatalog
		SccLocalPath2 = LibraryCatalog
	EndGlobalSection
EndGlobal
